{
  "name": "arg-env_e2e",
  "version": "1.0.0",
  "lockfileVersion": 2,
  "requires": true,
  "packages": {
    "": {
      "name": "arg-env_e2e",
      "version": "1.0.0",
      "license": "ISC",
      "dependencies": {
        "arg-env": "file:../package",
        "jest": "file:../node_modules/jest"
      }
    },
    "../node_modules/jest": {
      "version": "27.1.1",
      "license": "MIT",
      "dependencies": {
        "@jest/core": "^27.1.1",
        "import-local": "^3.0.2",
        "jest-cli": "^27.1.1"
      },
      "bin": {
        "jest": "bin/jest.js"
      },
      "engines": {
        "node": "^10.13.0 || ^12.13.0 || ^14.15.0 || >=15.0.0"
      },
      "peerDependencies": {
        "node-notifier": "^8.0.1 || ^9.0.0 || ^10.0.0"
      },
      "peerDependenciesMeta": {
        "node-notifier": {
          "optional": true
        }
      }
    },
    "../package": {
      "name": "arg-env",
      "version": "2.0.0",
      "integrity": "sha1-9UCH1Pr034YqJbmOef5RJG9xeZk=",
      "license": "MIT",
      "devDependencies": {
        "@types/dotenv": "^8.2.0",
        "@types/jest": "^27.0.1",
        "@types/js-yaml": "^4.0.3",
        "@types/node": "^16.9.1",
        "dotenv": "^10.0.0",
        "dotenv-expand": "^5.1.0",
        "dotenv-extended": "^2.9.0",
        "envfile": "^6.17.0",
        "git-hooks-wrapper": "^0.7.1",
        "globby": "^11.0.4",
        "jest": "^27.1.1",
        "js-yaml": "^4.1.0",
        "np": "^7.5.0",
        "ts-jest": "^27.0.5",
        "ts-node": "^10.2.1",
        "typescript": "^4.4.3"
      },
      "engines": {
        "node": ">=10 <17"
      }
    },
    "node_modules/arg-env": {
      "resolved": "../package",
      "link": true
    },
    "node_modules/jest": {
      "resolved": "../node_modules/jest",
      "link": true
    }
  },
  "dependencies": {
    "arg-env": {
      "version": "file:../package",
      "requires": {
        "@types/dotenv": "^8.2.0",
        "@types/jest": "^27.0.1",
        "@types/js-yaml": "^4.0.3",
        "@types/node": "^16.9.1",
        "dotenv": "^10.0.0",
        "dotenv-expand": "^5.1.0",
        "dotenv-extended": "^2.9.0",
        "envfile": "^6.17.0",
        "git-hooks-wrapper": "^0.7.1",
        "globby": "^11.0.4",
        "jest": "^27.1.1",
        "js-yaml": "^4.1.0",
        "np": "^7.5.0",
        "ts-jest": "^27.0.5",
        "ts-node": "^10.2.1",
        "typescript": "^4.4.3"
      }
    },
    "jest": {
      "version": "file:../node_modules/jest",
      "requires": {
        "@jest/core": "^27.1.1",
        "import-local": "^3.0.2",
        "jest-cli": "^27.1.1"
      }
    }
  }
}
